
Microsoft Visual Studio Solution File, Format Version 12.00
# Visual Studio Version 17
VisualStudioVersion = 17.4.33205.214
MinimumVisualStudioVersion = 10.0.40219.1
Project("{8BC9CEB8-8B4A-11D0-8D11-00A0C91BC942}") = "Crash", "Crash\Crash.vcxproj", "{ACA80DF8-1CC2-4769-ABAE-4B81FEECDEC7}"
EndProject
Project("{8BC9CEB8-8B4A-11D0-8D11-00A0C91BC942}") = "DumpAddresses", "DumpAddresses\DumpAddresses.vcxproj", "{7F96A1FC-B5D5-4E39-9968-73CFE65E68F2}"
EndProject
Project("{8BC9CEB8-8B4A-11D0-8D11-00A0C91BC942}") = "MemoryLimit", "MemoryLimit\MemoryLimit.vcxproj", "{A4360C70-DA0E-4B2E-B4B7-23F1C697F8CC}"
EndProject
Project("{8BC9CEB8-8B4A-11D0-8D11-00A0C91BC942}") = "MemoryConcepts", "MemoryConcepts\MemoryConcepts.vcxproj", "{93A5E770-BC51-49ED-B0FA-6395D3258998}"
EndProject
Project("{8BC9CEB8-8B4A-11D0-8D11-00A0C91BC942}") = "Deadlock", "Deadlock\Deadlock.vcxproj", "{771B70B9-AF62-4FE6-A5A6-71E2EFD2E814}"
EndProject
Project("{8BC9CEB8-8B4A-11D0-8D11-00A0C91BC942}") = "ExceptionHandling", "ExceptionHandling\ExceptionHandling.vcxproj", "{770DA10C-1291-40E0-B1CB-7D38A8DB6D06}"
EndProject
Project("{FAE04EC0-301F-11D3-BF4B-00C04F79EFBC}") = "DotNet_StackHeap", "DotNet_StackHeap\DotNet_StackHeap.csproj", "{E0B83710-9D15-4363-BDD7-E19F09313099}"
EndProject
Project("{8BC9CEB8-8B4A-11D0-8D11-00A0C91BC942}") = "API_Calls_C++", "API_Calls_C++\API_Calls_C++.vcxproj", "{81E90FF5-8A67-471D-864C-0D5A1C983B99}"
EndProject
Project("{FAE04EC0-301F-11D3-BF4B-00C04F79EFBC}") = "API_Calls_DotNet", "API_Calls_DotNet\API_Calls_DotNet.csproj", "{1880603B-4016-4044-AA58-690FFFA65595}"
EndProject
Project("{8BC9CEB8-8B4A-11D0-8D11-00A0C91BC942}") = "ProcessThread", "ProcessThread\ProcessThread.vcxproj", "{F2837E0A-E55C-4218-8C73-F57EB84AFE34}"
EndProject
Project("{8BC9CEB8-8B4A-11D0-8D11-00A0C91BC942}") = "Exception_Win32", "Exception_Win32\Exception_Win32.vcxproj", "{A4D2D22A-D51B-4D26-8DD1-50E5859BD994}"
EndProject
Project("{8BC9CEB8-8B4A-11D0-8D11-00A0C91BC942}") = "Exception_C++", "Exception_C++\Exception_C++.vcxproj", "{0AB532E0-2FD4-48C0-968A-4CEB72718607}"
EndProject
Project("{FAE04EC0-301F-11D3-BF4B-00C04F79EFBC}") = "Exception_DotNet", "Exception_DotNet\Exception_DotNet.csproj", "{BA606DBF-FE4A-4622-B2BD-8214ADB61DA8}"
EndProject
Project("{8BC9CEB8-8B4A-11D0-8D11-00A0C91BC942}") = "Learn_C_CPP", "Learn_C_CPP\Learn_C_CPP.vcxproj", "{17E88C41-DD94-4B06-81EA-0C9F18461965}"
EndProject
Global
	GlobalSection(SolutionConfigurationPlatforms) = preSolution
		Debug|Any CPU = Debug|Any CPU
		Debug|x64 = Debug|x64
		Debug|x86 = Debug|x86
		Release|Any CPU = Release|Any CPU
		Release|x64 = Release|x64
		Release|x86 = Release|x86
	EndGlobalSection
	GlobalSection(ProjectConfigurationPlatforms) = postSolution
		{ACA80DF8-1CC2-4769-ABAE-4B81FEECDEC7}.Debug|Any CPU.ActiveCfg = Debug|x64
		{ACA80DF8-1CC2-4769-ABAE-4B81FEECDEC7}.Debug|Any CPU.Build.0 = Debug|x64
		{ACA80DF8-1CC2-4769-ABAE-4B81FEECDEC7}.Debug|x64.ActiveCfg = Debug|x64
		{ACA80DF8-1CC2-4769-ABAE-4B81FEECDEC7}.Debug|x64.Build.0 = Debug|x64
		{ACA80DF8-1CC2-4769-ABAE-4B81FEECDEC7}.Debug|x86.ActiveCfg = Debug|Win32
		{ACA80DF8-1CC2-4769-ABAE-4B81FEECDEC7}.Debug|x86.Build.0 = Debug|Win32
		{ACA80DF8-1CC2-4769-ABAE-4B81FEECDEC7}.Release|Any CPU.ActiveCfg = Release|x64
		{ACA80DF8-1CC2-4769-ABAE-4B81FEECDEC7}.Release|Any CPU.Build.0 = Release|x64
		{ACA80DF8-1CC2-4769-ABAE-4B81FEECDEC7}.Release|x64.ActiveCfg = Release|x64
		{ACA80DF8-1CC2-4769-ABAE-4B81FEECDEC7}.Release|x64.Build.0 = Release|x64
		{ACA80DF8-1CC2-4769-ABAE-4B81FEECDEC7}.Release|x86.ActiveCfg = Release|Win32
		{ACA80DF8-1CC2-4769-ABAE-4B81FEECDEC7}.Release|x86.Build.0 = Release|Win32
		{7F96A1FC-B5D5-4E39-9968-73CFE65E68F2}.Debug|Any CPU.ActiveCfg = Debug|x64
		{7F96A1FC-B5D5-4E39-9968-73CFE65E68F2}.Debug|Any CPU.Build.0 = Debug|x64
		{7F96A1FC-B5D5-4E39-9968-73CFE65E68F2}.Debug|x64.ActiveCfg = Debug|x64
		{7F96A1FC-B5D5-4E39-9968-73CFE65E68F2}.Debug|x64.Build.0 = Debug|x64
		{7F96A1FC-B5D5-4E39-9968-73CFE65E68F2}.Debug|x86.ActiveCfg = Debug|Win32
		{7F96A1FC-B5D5-4E39-9968-73CFE65E68F2}.Debug|x86.Build.0 = Debug|Win32
		{7F96A1FC-B5D5-4E39-9968-73CFE65E68F2}.Release|Any CPU.ActiveCfg = Release|x64
		{7F96A1FC-B5D5-4E39-9968-73CFE65E68F2}.Release|Any CPU.Build.0 = Release|x64
		{7F96A1FC-B5D5-4E39-9968-73CFE65E68F2}.Release|x64.ActiveCfg = Release|x64
		{7F96A1FC-B5D5-4E39-9968-73CFE65E68F2}.Release|x64.Build.0 = Release|x64
		{7F96A1FC-B5D5-4E39-9968-73CFE65E68F2}.Release|x86.ActiveCfg = Release|Win32
		{7F96A1FC-B5D5-4E39-9968-73CFE65E68F2}.Release|x86.Build.0 = Release|Win32
		{A4360C70-DA0E-4B2E-B4B7-23F1C697F8CC}.Debug|Any CPU.ActiveCfg = Debug|x64
		{A4360C70-DA0E-4B2E-B4B7-23F1C697F8CC}.Debug|Any CPU.Build.0 = Debug|x64
		{A4360C70-DA0E-4B2E-B4B7-23F1C697F8CC}.Debug|x64.ActiveCfg = Debug|x64
		{A4360C70-DA0E-4B2E-B4B7-23F1C697F8CC}.Debug|x64.Build.0 = Debug|x64
		{A4360C70-DA0E-4B2E-B4B7-23F1C697F8CC}.Debug|x86.ActiveCfg = Debug|Win32
		{A4360C70-DA0E-4B2E-B4B7-23F1C697F8CC}.Debug|x86.Build.0 = Debug|Win32
		{A4360C70-DA0E-4B2E-B4B7-23F1C697F8CC}.Release|Any CPU.ActiveCfg = Release|x64
		{A4360C70-DA0E-4B2E-B4B7-23F1C697F8CC}.Release|Any CPU.Build.0 = Release|x64
		{A4360C70-DA0E-4B2E-B4B7-23F1C697F8CC}.Release|x64.ActiveCfg = Release|x64
		{A4360C70-DA0E-4B2E-B4B7-23F1C697F8CC}.Release|x64.Build.0 = Release|x64
		{A4360C70-DA0E-4B2E-B4B7-23F1C697F8CC}.Release|x86.ActiveCfg = Release|Win32
		{A4360C70-DA0E-4B2E-B4B7-23F1C697F8CC}.Release|x86.Build.0 = Release|Win32
		{93A5E770-BC51-49ED-B0FA-6395D3258998}.Debug|Any CPU.ActiveCfg = Debug|x64
		{93A5E770-BC51-49ED-B0FA-6395D3258998}.Debug|Any CPU.Build.0 = Debug|x64
		{93A5E770-BC51-49ED-B0FA-6395D3258998}.Debug|x64.ActiveCfg = Debug|x64
		{93A5E770-BC51-49ED-B0FA-6395D3258998}.Debug|x64.Build.0 = Debug|x64
		{93A5E770-BC51-49ED-B0FA-6395D3258998}.Debug|x86.ActiveCfg = Debug|Win32
		{93A5E770-BC51-49ED-B0FA-6395D3258998}.Debug|x86.Build.0 = Debug|Win32
		{93A5E770-BC51-49ED-B0FA-6395D3258998}.Release|Any CPU.ActiveCfg = Release|x64
		{93A5E770-BC51-49ED-B0FA-6395D3258998}.Release|Any CPU.Build.0 = Release|x64
		{93A5E770-BC51-49ED-B0FA-6395D3258998}.Release|x64.ActiveCfg = Release|x64
		{93A5E770-BC51-49ED-B0FA-6395D3258998}.Release|x64.Build.0 = Release|x64
		{93A5E770-BC51-49ED-B0FA-6395D3258998}.Release|x86.ActiveCfg = Release|Win32
		{93A5E770-BC51-49ED-B0FA-6395D3258998}.Release|x86.Build.0 = Release|Win32
		{771B70B9-AF62-4FE6-A5A6-71E2EFD2E814}.Debug|Any CPU.ActiveCfg = Debug|x64
		{771B70B9-AF62-4FE6-A5A6-71E2EFD2E814}.Debug|Any CPU.Build.0 = Debug|x64
		{771B70B9-AF62-4FE6-A5A6-71E2EFD2E814}.Debug|x64.ActiveCfg = Debug|x64
		{771B70B9-AF62-4FE6-A5A6-71E2EFD2E814}.Debug|x64.Build.0 = Debug|x64
		{771B70B9-AF62-4FE6-A5A6-71E2EFD2E814}.Debug|x86.ActiveCfg = Debug|Win32
		{771B70B9-AF62-4FE6-A5A6-71E2EFD2E814}.Debug|x86.Build.0 = Debug|Win32
		{771B70B9-AF62-4FE6-A5A6-71E2EFD2E814}.Release|Any CPU.ActiveCfg = Release|x64
		{771B70B9-AF62-4FE6-A5A6-71E2EFD2E814}.Release|Any CPU.Build.0 = Release|x64
		{771B70B9-AF62-4FE6-A5A6-71E2EFD2E814}.Release|x64.ActiveCfg = Release|x64
		{771B70B9-AF62-4FE6-A5A6-71E2EFD2E814}.Release|x64.Build.0 = Release|x64
		{771B70B9-AF62-4FE6-A5A6-71E2EFD2E814}.Release|x86.ActiveCfg = Release|Win32
		{771B70B9-AF62-4FE6-A5A6-71E2EFD2E814}.Release|x86.Build.0 = Release|Win32
		{770DA10C-1291-40E0-B1CB-7D38A8DB6D06}.Debug|Any CPU.ActiveCfg = Debug|x64
		{770DA10C-1291-40E0-B1CB-7D38A8DB6D06}.Debug|Any CPU.Build.0 = Debug|x64
		{770DA10C-1291-40E0-B1CB-7D38A8DB6D06}.Debug|x64.ActiveCfg = Debug|x64
		{770DA10C-1291-40E0-B1CB-7D38A8DB6D06}.Debug|x64.Build.0 = Debug|x64
		{770DA10C-1291-40E0-B1CB-7D38A8DB6D06}.Debug|x86.ActiveCfg = Debug|Win32
		{770DA10C-1291-40E0-B1CB-7D38A8DB6D06}.Debug|x86.Build.0 = Debug|Win32
		{770DA10C-1291-40E0-B1CB-7D38A8DB6D06}.Release|Any CPU.ActiveCfg = Release|x64
		{770DA10C-1291-40E0-B1CB-7D38A8DB6D06}.Release|Any CPU.Build.0 = Release|x64
		{770DA10C-1291-40E0-B1CB-7D38A8DB6D06}.Release|x64.ActiveCfg = Release|x64
		{770DA10C-1291-40E0-B1CB-7D38A8DB6D06}.Release|x64.Build.0 = Release|x64
		{770DA10C-1291-40E0-B1CB-7D38A8DB6D06}.Release|x86.ActiveCfg = Release|Win32
		{770DA10C-1291-40E0-B1CB-7D38A8DB6D06}.Release|x86.Build.0 = Release|Win32
		{E0B83710-9D15-4363-BDD7-E19F09313099}.Debug|Any CPU.ActiveCfg = Debug|Any CPU
		{E0B83710-9D15-4363-BDD7-E19F09313099}.Debug|Any CPU.Build.0 = Debug|Any CPU
		{E0B83710-9D15-4363-BDD7-E19F09313099}.Debug|x64.ActiveCfg = Debug|Any CPU
		{E0B83710-9D15-4363-BDD7-E19F09313099}.Debug|x64.Build.0 = Debug|Any CPU
		{E0B83710-9D15-4363-BDD7-E19F09313099}.Debug|x86.ActiveCfg = Debug|Any CPU
		{E0B83710-9D15-4363-BDD7-E19F09313099}.Debug|x86.Build.0 = Debug|Any CPU
		{E0B83710-9D15-4363-BDD7-E19F09313099}.Release|Any CPU.ActiveCfg = Release|Any CPU
		{E0B83710-9D15-4363-BDD7-E19F09313099}.Release|Any CPU.Build.0 = Release|Any CPU
		{E0B83710-9D15-4363-BDD7-E19F09313099}.Release|x64.ActiveCfg = Release|Any CPU
		{E0B83710-9D15-4363-BDD7-E19F09313099}.Release|x64.Build.0 = Release|Any CPU
		{E0B83710-9D15-4363-BDD7-E19F09313099}.Release|x86.ActiveCfg = Release|Any CPU
		{E0B83710-9D15-4363-BDD7-E19F09313099}.Release|x86.Build.0 = Release|Any CPU
		{81E90FF5-8A67-471D-864C-0D5A1C983B99}.Debug|Any CPU.ActiveCfg = Debug|x64
		{81E90FF5-8A67-471D-864C-0D5A1C983B99}.Debug|Any CPU.Build.0 = Debug|x64
		{81E90FF5-8A67-471D-864C-0D5A1C983B99}.Debug|x64.ActiveCfg = Debug|x64
		{81E90FF5-8A67-471D-864C-0D5A1C983B99}.Debug|x64.Build.0 = Debug|x64
		{81E90FF5-8A67-471D-864C-0D5A1C983B99}.Debug|x86.ActiveCfg = Debug|Win32
		{81E90FF5-8A67-471D-864C-0D5A1C983B99}.Debug|x86.Build.0 = Debug|Win32
		{81E90FF5-8A67-471D-864C-0D5A1C983B99}.Release|Any CPU.ActiveCfg = Release|x64
		{81E90FF5-8A67-471D-864C-0D5A1C983B99}.Release|Any CPU.Build.0 = Release|x64
		{81E90FF5-8A67-471D-864C-0D5A1C983B99}.Release|x64.ActiveCfg = Release|x64
		{81E90FF5-8A67-471D-864C-0D5A1C983B99}.Release|x64.Build.0 = Release|x64
		{81E90FF5-8A67-471D-864C-0D5A1C983B99}.Release|x86.ActiveCfg = Release|Win32
		{81E90FF5-8A67-471D-864C-0D5A1C983B99}.Release|x86.Build.0 = Release|Win32
		{1880603B-4016-4044-AA58-690FFFA65595}.Debug|Any CPU.ActiveCfg = Debug|Any CPU
		{1880603B-4016-4044-AA58-690FFFA65595}.Debug|Any CPU.Build.0 = Debug|Any CPU
		{1880603B-4016-4044-AA58-690FFFA65595}.Debug|x64.ActiveCfg = Debug|Any CPU
		{1880603B-4016-4044-AA58-690FFFA65595}.Debug|x64.Build.0 = Debug|Any CPU
		{1880603B-4016-4044-AA58-690FFFA65595}.Debug|x86.ActiveCfg = Debug|Any CPU
		{1880603B-4016-4044-AA58-690FFFA65595}.Debug|x86.Build.0 = Debug|Any CPU
		{1880603B-4016-4044-AA58-690FFFA65595}.Release|Any CPU.ActiveCfg = Release|Any CPU
		{1880603B-4016-4044-AA58-690FFFA65595}.Release|Any CPU.Build.0 = Release|Any CPU
		{1880603B-4016-4044-AA58-690FFFA65595}.Release|x64.ActiveCfg = Release|Any CPU
		{1880603B-4016-4044-AA58-690FFFA65595}.Release|x64.Build.0 = Release|Any CPU
		{1880603B-4016-4044-AA58-690FFFA65595}.Release|x86.ActiveCfg = Release|Any CPU
		{1880603B-4016-4044-AA58-690FFFA65595}.Release|x86.Build.0 = Release|Any CPU
		{F2837E0A-E55C-4218-8C73-F57EB84AFE34}.Debug|Any CPU.ActiveCfg = Debug|x64
		{F2837E0A-E55C-4218-8C73-F57EB84AFE34}.Debug|Any CPU.Build.0 = Debug|x64
		{F2837E0A-E55C-4218-8C73-F57EB84AFE34}.Debug|x64.ActiveCfg = Debug|x64
		{F2837E0A-E55C-4218-8C73-F57EB84AFE34}.Debug|x64.Build.0 = Debug|x64
		{F2837E0A-E55C-4218-8C73-F57EB84AFE34}.Debug|x86.ActiveCfg = Debug|Win32
		{F2837E0A-E55C-4218-8C73-F57EB84AFE34}.Debug|x86.Build.0 = Debug|Win32
		{F2837E0A-E55C-4218-8C73-F57EB84AFE34}.Release|Any CPU.ActiveCfg = Release|x64
		{F2837E0A-E55C-4218-8C73-F57EB84AFE34}.Release|Any CPU.Build.0 = Release|x64
		{F2837E0A-E55C-4218-8C73-F57EB84AFE34}.Release|x64.ActiveCfg = Release|x64
		{F2837E0A-E55C-4218-8C73-F57EB84AFE34}.Release|x64.Build.0 = Release|x64
		{F2837E0A-E55C-4218-8C73-F57EB84AFE34}.Release|x86.ActiveCfg = Release|Win32
		{F2837E0A-E55C-4218-8C73-F57EB84AFE34}.Release|x86.Build.0 = Release|Win32
		{A4D2D22A-D51B-4D26-8DD1-50E5859BD994}.Debug|Any CPU.ActiveCfg = Debug|x64
		{A4D2D22A-D51B-4D26-8DD1-50E5859BD994}.Debug|Any CPU.Build.0 = Debug|x64
		{A4D2D22A-D51B-4D26-8DD1-50E5859BD994}.Debug|x64.ActiveCfg = Debug|x64
		{A4D2D22A-D51B-4D26-8DD1-50E5859BD994}.Debug|x64.Build.0 = Debug|x64
		{A4D2D22A-D51B-4D26-8DD1-50E5859BD994}.Debug|x86.ActiveCfg = Debug|Win32
		{A4D2D22A-D51B-4D26-8DD1-50E5859BD994}.Debug|x86.Build.0 = Debug|Win32
		{A4D2D22A-D51B-4D26-8DD1-50E5859BD994}.Release|Any CPU.ActiveCfg = Release|x64
		{A4D2D22A-D51B-4D26-8DD1-50E5859BD994}.Release|Any CPU.Build.0 = Release|x64
		{A4D2D22A-D51B-4D26-8DD1-50E5859BD994}.Release|x64.ActiveCfg = Release|x64
		{A4D2D22A-D51B-4D26-8DD1-50E5859BD994}.Release|x64.Build.0 = Release|x64
		{A4D2D22A-D51B-4D26-8DD1-50E5859BD994}.Release|x86.ActiveCfg = Release|Win32
		{A4D2D22A-D51B-4D26-8DD1-50E5859BD994}.Release|x86.Build.0 = Release|Win32
		{0AB532E0-2FD4-48C0-968A-4CEB72718607}.Debug|Any CPU.ActiveCfg = Debug|x64
		{0AB532E0-2FD4-48C0-968A-4CEB72718607}.Debug|Any CPU.Build.0 = Debug|x64
		{0AB532E0-2FD4-48C0-968A-4CEB72718607}.Debug|x64.ActiveCfg = Debug|x64
		{0AB532E0-2FD4-48C0-968A-4CEB72718607}.Debug|x64.Build.0 = Debug|x64
		{0AB532E0-2FD4-48C0-968A-4CEB72718607}.Debug|x86.ActiveCfg = Debug|Win32
		{0AB532E0-2FD4-48C0-968A-4CEB72718607}.Debug|x86.Build.0 = Debug|Win32
		{0AB532E0-2FD4-48C0-968A-4CEB72718607}.Release|Any CPU.ActiveCfg = Release|x64
		{0AB532E0-2FD4-48C0-968A-4CEB72718607}.Release|Any CPU.Build.0 = Release|x64
		{0AB532E0-2FD4-48C0-968A-4CEB72718607}.Release|x64.ActiveCfg = Release|x64
		{0AB532E0-2FD4-48C0-968A-4CEB72718607}.Release|x64.Build.0 = Release|x64
		{0AB532E0-2FD4-48C0-968A-4CEB72718607}.Release|x86.ActiveCfg = Release|Win32
		{0AB532E0-2FD4-48C0-968A-4CEB72718607}.Release|x86.Build.0 = Release|Win32
		{BA606DBF-FE4A-4622-B2BD-8214ADB61DA8}.Debug|Any CPU.ActiveCfg = Debug|Any CPU
		{BA606DBF-FE4A-4622-B2BD-8214ADB61DA8}.Debug|Any CPU.Build.0 = Debug|Any CPU
		{BA606DBF-FE4A-4622-B2BD-8214ADB61DA8}.Debug|x64.ActiveCfg = Debug|Any CPU
		{BA606DBF-FE4A-4622-B2BD-8214ADB61DA8}.Debug|x64.Build.0 = Debug|Any CPU
		{BA606DBF-FE4A-4622-B2BD-8214ADB61DA8}.Debug|x86.ActiveCfg = Debug|Any CPU
		{BA606DBF-FE4A-4622-B2BD-8214ADB61DA8}.Debug|x86.Build.0 = Debug|Any CPU
		{BA606DBF-FE4A-4622-B2BD-8214ADB61DA8}.Release|Any CPU.ActiveCfg = Release|Any CPU
		{BA606DBF-FE4A-4622-B2BD-8214ADB61DA8}.Release|Any CPU.Build.0 = Release|Any CPU
		{BA606DBF-FE4A-4622-B2BD-8214ADB61DA8}.Release|x64.ActiveCfg = Release|Any CPU
		{BA606DBF-FE4A-4622-B2BD-8214ADB61DA8}.Release|x64.Build.0 = Release|Any CPU
		{BA606DBF-FE4A-4622-B2BD-8214ADB61DA8}.Release|x86.ActiveCfg = Release|Any CPU
		{BA606DBF-FE4A-4622-B2BD-8214ADB61DA8}.Release|x86.Build.0 = Release|Any CPU
		{17E88C41-DD94-4B06-81EA-0C9F18461965}.Debug|Any CPU.ActiveCfg = Debug|x64
		{17E88C41-DD94-4B06-81EA-0C9F18461965}.Debug|Any CPU.Build.0 = Debug|x64
		{17E88C41-DD94-4B06-81EA-0C9F18461965}.Debug|x64.ActiveCfg = Debug|x64
		{17E88C41-DD94-4B06-81EA-0C9F18461965}.Debug|x64.Build.0 = Debug|x64
		{17E88C41-DD94-4B06-81EA-0C9F18461965}.Debug|x86.ActiveCfg = Debug|Win32
		{17E88C41-DD94-4B06-81EA-0C9F18461965}.Debug|x86.Build.0 = Debug|Win32
		{17E88C41-DD94-4B06-81EA-0C9F18461965}.Release|Any CPU.ActiveCfg = Release|x64
		{17E88C41-DD94-4B06-81EA-0C9F18461965}.Release|Any CPU.Build.0 = Release|x64
		{17E88C41-DD94-4B06-81EA-0C9F18461965}.Release|x64.ActiveCfg = Release|x64
		{17E88C41-DD94-4B06-81EA-0C9F18461965}.Release|x64.Build.0 = Release|x64
		{17E88C41-DD94-4B06-81EA-0C9F18461965}.Release|x86.ActiveCfg = Release|Win32
		{17E88C41-DD94-4B06-81EA-0C9F18461965}.Release|x86.Build.0 = Release|Win32
	EndGlobalSection
	GlobalSection(SolutionProperties) = preSolution
		HideSolutionNode = FALSE
	EndGlobalSection
	GlobalSection(ExtensibilityGlobals) = postSolution
		SolutionGuid = {B53C29AC-ECC5-445A-884C-DA5E3AD4BCC1}
	EndGlobalSection
EndGlobal
